
Microsoft Visual Studio Solution File, Format Version 12.00
# Visual Studio 15
VisualStudioVersion = 15.0.26730.10
MinimumVisualStudioVersion = 10.0.40219.1
Project("{FAE04EC0-301F-11D3-BF4B-00C04F79EFBC}") = "Matterhook.NET", "Matterhook.NET\Matterhook.NET.csproj", "{7C7439B9-87E3-4858-94EE-0C14E2E3D5DF}"
EndProject
Project("{E53339B2-1760-4266-BCC7-CA923CBCF16C}") = "docker-compose", "docker-compose.dcproj", "{CC96BBFE-6CBD-4A37-974F-1F6D381F4C7C}"
EndProject
Global
	GlobalSection(SolutionConfigurationPlatforms) = preSolution
		Debug|Any CPU = Debug|Any CPU
		Release|Any CPU = Release|Any CPU
	EndGlobalSection
	GlobalSection(ProjectConfigurationPlatforms) = postSolution
		{7C7439B9-87E3-4858-94EE-0C14E2E3D5DF}.Debug|Any CPU.ActiveCfg = Debug|Any CPU
		{7C7439B9-87E3-4858-94EE-0C14E2E3D5DF}.Debug|Any CPU.Build.0 = Debug|Any CPU
		{7C7439B9-87E3-4858-94EE-0C14E2E3D5DF}.Release|Any CPU.ActiveCfg = Release|Any CPU
		{7C7439B9-87E3-4858-94EE-0C14E2E3D5DF}.Release|Any CPU.Build.0 = Release|Any CPU
		{CC96BBFE-6CBD-4A37-974F-1F6D381F4C7C}.Debug|Any CPU.ActiveCfg = Debug|Any CPU
		{CC96BBFE-6CBD-4A37-974F-1F6D381F4C7C}.Debug|Any CPU.Build.0 = Debug|Any CPU
		{CC96BBFE-6CBD-4A37-974F-1F6D381F4C7C}.Release|Any CPU.ActiveCfg = Release|Any CPU
		{CC96BBFE-6CBD-4A37-974F-1F6D381F4C7C}.Release|Any CPU.Build.0 = Release|Any CPU
	EndGlobalSection
	GlobalSection(SolutionProperties) = preSolution
		HideSolutionNode = FALSE
	EndGlobalSection
	GlobalSection(ExtensibilityGlobals) = postSolution
		SolutionGuid = {CA89F441-AA0B-4A77-8E83-59913F25C2B7}
	EndGlobalSection
EndGlobal
