
Microsoft Visual Studio Solution File, Format Version 12.00
# Visual Studio 15
VisualStudioVersion = 15.0.28307.421
MinimumVisualStudioVersion = 10.0.40219.1
Project("{9A19103F-16F7-4668-BE54-9A1E7A4F7556}") = "Matterhook.NET", "Matterhook.NET\Matterhook.NET.csproj", "{6F4E0C58-A4BC-4D09-9E04-86635EBF560B}"
EndProject
Project("{2150E333-8FDC-42A3-9474-1A3956D46DE8}") = "solution files", "solution files", "{6FD98B73-E5F4-48A4-A4F6-7FD996EC5D10}"
	ProjectSection(SolutionItems) = preProject
		.travis.yml = .travis.yml
		Readme.MD = Readme.MD
	EndProjectSection
EndProject
Global
	GlobalSection(SolutionConfigurationPlatforms) = preSolution
		Debug|Any CPU = Debug|Any CPU
		Release|Any CPU = Release|Any CPU
	EndGlobalSection
	GlobalSection(ProjectConfigurationPlatforms) = postSolution
		{6F4E0C58-A4BC-4D09-9E04-86635EBF560B}.Debug|Any CPU.ActiveCfg = Debug|Any CPU
		{6F4E0C58-A4BC-4D09-9E04-86635EBF560B}.Debug|Any CPU.Build.0 = Debug|Any CPU
		{6F4E0C58-A4BC-4D09-9E04-86635EBF560B}.Release|Any CPU.ActiveCfg = Release|Any CPU
		{6F4E0C58-A4BC-4D09-9E04-86635EBF560B}.Release|Any CPU.Build.0 = Release|Any CPU
	EndGlobalSection
	GlobalSection(SolutionProperties) = preSolution
		HideSolutionNode = FALSE
	EndGlobalSection
	GlobalSection(ExtensibilityGlobals) = postSolution
		SolutionGuid = {CB3AF58E-08DC-46E4-8D6B-3ED6B6E6207D}
	EndGlobalSection
EndGlobal
